// !$*UTF8*$!
{
	archiveVersion = 1;
	classes = {
	};
	objectVersion = 46;
	objects = {

/* Begin PBXBuildFile section */
		59A7C99B1F9B01FE00710597 /* N9084.cpp in Sources */ = {isa = PBXBuildFile; fileRef = 59A7C99A1F9B01FE00710597 /* N9084.cpp */; };
/* End PBXBuildFile section */

/* Begin PBXCopyFilesBuildPhase section */
		59EAC4391F165DC800879573 /* Copy Files */ = {
			isa = PBXCopyFilesBuildPhase;
			buildActionMask = 2147483647;
			dstPath = /usr/share/man/man1/;
			dstSubfolderSpec = 0;
			files = (
			);
			name = "Copy Files";
			runOnlyForDeploymentPostprocessing = 1;
		};
/* End PBXCopyFilesBuildPhase section */

/* Begin PBXFileReference section */
		590C00E81F34C1F600BA0F2C /* N1915.cpp */ = {isa = PBXFileReference; fileEncoding = 4; lastKnownFileType = sourcecode.cpp.cpp; path = N1915.cpp; sourceTree = "<group>"; };
		590C00EA1F35747700BA0F2C /* kakao1.cpp */ = {isa = PBXFileReference; fileEncoding = 4; lastKnownFileType = sourcecode.cpp.cpp; path = kakao1.cpp; sourceTree = "<group>"; };
		590C00EB1F35747700BA0F2C /* kakao2.cpp */ = {isa = PBXFileReference; fileEncoding = 4; lastKnownFileType = sourcecode.cpp.cpp; path = kakao2.cpp; sourceTree = "<group>"; };
		590C00EC1F35747700BA0F2C /* kakao3.cpp */ = {isa = PBXFileReference; fileEncoding = 4; lastKnownFileType = sourcecode.cpp.cpp; path = kakao3.cpp; sourceTree = "<group>"; };
		590C00ED1F35747700BA0F2C /* kakao4.cpp */ = {isa = PBXFileReference; fileEncoding = 4; lastKnownFileType = sourcecode.cpp.cpp; path = kakao4.cpp; sourceTree = "<group>"; };
		590C00EE1F35747700BA0F2C /* kakao5.cpp */ = {isa = PBXFileReference; fileEncoding = 4; lastKnownFileType = sourcecode.cpp.cpp; path = kakao5.cpp; sourceTree = "<group>"; };
		590C00EF1F35747700BA0F2C /* kakao6.cpp */ = {isa = PBXFileReference; fileEncoding = 4; lastKnownFileType = sourcecode.cpp.cpp; path = kakao6.cpp; sourceTree = "<group>"; };
		590C00F81F36EACD00BA0F2C /* N2592.cpp */ = {isa = PBXFileReference; fileEncoding = 4; lastKnownFileType = sourcecode.cpp.cpp; path = N2592.cpp; sourceTree = "<group>"; };
		590C00FA1F372B2400BA0F2C /* N1199.cpp */ = {isa = PBXFileReference; fileEncoding = 4; lastKnownFileType = sourcecode.cpp.cpp; path = N1199.cpp; sourceTree = "<group>"; };
		590C00FC1F37481200BA0F2C /* N2320.cpp */ = {isa = PBXFileReference; fileEncoding = 4; lastKnownFileType = sourcecode.cpp.cpp; path = N2320.cpp; sourceTree = "<group>"; };
		592892DB1F31A03000F4AC5E /* N1922.cpp */ = {isa = PBXFileReference; fileEncoding = 4; lastKnownFileType = sourcecode.cpp.cpp; path = N1922.cpp; sourceTree = "<group>"; };
		59361EA21F6A30290075BFE6 /* N2302.cpp */ = {isa = PBXFileReference; fileEncoding = 4; lastKnownFileType = sourcecode.cpp.cpp; path = N2302.cpp; sourceTree = "<group>"; };
		593712691F66DD1D003E3E20 /* N10164.cpp */ = {isa = PBXFileReference; fileEncoding = 4; lastKnownFileType = sourcecode.cpp.cpp; path = N10164.cpp; sourceTree = "<group>"; };
		5937126B1F679B3B003E3E20 /* N2631.cpp */ = {isa = PBXFileReference; fileEncoding = 4; lastKnownFileType = sourcecode.cpp.cpp; path = N2631.cpp; sourceTree = "<group>"; };
		593D939E1F2D6393007E04CD /* N2252.cpp */ = {isa = PBXFileReference; fileEncoding = 4; lastKnownFileType = sourcecode.cpp.cpp; path = N2252.cpp; sourceTree = "<group>"; };
		594B1ED91F1CDC1200468814 /* N1260.cpp */ = {isa = PBXFileReference; fileEncoding = 4; lastKnownFileType = sourcecode.cpp.cpp; name = N1260.cpp; path = ../N1260.cpp; sourceTree = "<group>"; };
		594B1EDB1F1D03D800468814 /* N11724.cpp */ = {isa = PBXFileReference; fileEncoding = 4; lastKnownFileType = sourcecode.cpp.cpp; name = N11724.cpp; path = ../N11724.cpp; sourceTree = "<group>"; };
		596F66421F7F2F76007F8709 /* N9498.cpp */ = {isa = PBXFileReference; fileEncoding = 4; lastKnownFileType = sourcecode.cpp.cpp; path = N9498.cpp; sourceTree = "<group>"; };
		5974E0311F30418900D6F6A6 /* N1766.cpp */ = {isa = PBXFileReference; fileEncoding = 4; lastKnownFileType = sourcecode.cpp.cpp; path = N1766.cpp; sourceTree = "<group>"; };
		5974E0331F30D53B00D6F6A6 /* N2056.cpp */ = {isa = PBXFileReference; fileEncoding = 4; lastKnownFileType = sourcecode.cpp.cpp; path = N2056.cpp; sourceTree = "<group>"; };
		598875191F20E3380095F7D8 /* N1520.cpp */ = {isa = PBXFileReference; fileEncoding = 4; lastKnownFileType = sourcecode.cpp.cpp; path = N1520.cpp; sourceTree = "<group>"; };
		5988751A1F20E3380095F7D8 /* N10815.cpp */ = {isa = PBXFileReference; fileEncoding = 4; lastKnownFileType = sourcecode.cpp.cpp; path = N10815.cpp; sourceTree = "<group>"; };
		5988751D1F2247ED0095F7D8 /* N14501.cpp */ = {isa = PBXFileReference; fileEncoding = 4; lastKnownFileType = sourcecode.cpp.cpp; path = N14501.cpp; sourceTree = "<group>"; };
		598875241F24FE520095F7D8 /* N14500.cpp */ = {isa = PBXFileReference; fileEncoding = 4; lastKnownFileType = sourcecode.cpp.cpp; path = N14500.cpp; sourceTree = "<group>"; };
		598875261F27A4560095F7D8 /* N1890.cpp */ = {isa = PBXFileReference; fileEncoding = 4; lastKnownFileType = sourcecode.cpp.cpp; path = N1890.cpp; sourceTree = "<group>"; };
		598875281F2860210095F7D8 /* N10942.cpp */ = {isa = PBXFileReference; fileEncoding = 4; lastKnownFileType = sourcecode.cpp.cpp; path = N10942.cpp; sourceTree = "<group>"; };
		5988752A1F2ADB110095F7D8 /* N4963.cpp */ = {isa = PBXFileReference; fileEncoding = 4; lastKnownFileType = sourcecode.cpp.cpp; path = N4963.cpp; sourceTree = "<group>"; };
		5988752C1F2C4F3C0095F7D8 /* N11404.cpp */ = {isa = PBXFileReference; fileEncoding = 4; lastKnownFileType = sourcecode.cpp.cpp; path = N11404.cpp; sourceTree = "<group>"; };
		599E3F6D1F1768F400D513B3 /* N13023.cpp */ = {isa = PBXFileReference; fileEncoding = 4; lastKnownFileType = sourcecode.cpp.cpp; name = N13023.cpp; path = ../N13023.cpp; sourceTree = "<group>"; };
		59A7C9981F9A64B100710597 /* N1068.cpp */ = {isa = PBXFileReference; fileEncoding = 4; lastKnownFileType = sourcecode.cpp.cpp; path = N1068.cpp; sourceTree = "<group>"; };
		59A7C99A1F9B01FE00710597 /* N9084.cpp */ = {isa = PBXFileReference; fileEncoding = 4; lastKnownFileType = sourcecode.cpp.cpp; path = N9084.cpp; sourceTree = "<group>"; };
		59A7D7511F6FE91F00EF9CEA /* N6549.cpp */ = {isa = PBXFileReference; fileEncoding = 4; lastKnownFileType = sourcecode.cpp.cpp; path = N6549.cpp; sourceTree = "<group>"; };
		59A7D7531F720B9600EF9CEA /* N11003.cpp */ = {isa = PBXFileReference; fileEncoding = 4; lastKnownFileType = sourcecode.cpp.cpp; path = N11003.cpp; sourceTree = "<group>"; };
		59C04DF11F5F084F00BB2346 /* N11051.cpp */ = {isa = PBXFileReference; fileEncoding = 4; lastKnownFileType = sourcecode.cpp.cpp; path = N11051.cpp; sourceTree = "<group>"; };
		59C5D9441F6847D200260E2D /* N11066.cpp */ = {isa = PBXFileReference; fileEncoding = 4; lastKnownFileType = sourcecode.cpp.cpp; name = N11066.cpp; path = algorithms/N11066.cpp; sourceTree = "<group>"; };
		59D6D79E1F2EF827002F1799 /* N2261.cpp */ = {isa = PBXFileReference; fileEncoding = 4; lastKnownFileType = sourcecode.cpp.cpp; path = N2261.cpp; sourceTree = "<group>"; };
		59EAC43B1F165DC800879573 /* algorithms */ = {isa = PBXFileReference; explicitFileType = "compiled.mach-o.executable"; includeInIndex = 0; path = algorithms; sourceTree = BUILT_PRODUCTS_DIR; };
		59EAC43E1F165DC800879573 /* main.cpp */ = {isa = PBXFileReference; lastKnownFileType = sourcecode.cpp.cpp; path = main.cpp; sourceTree = "<group>"; };
		59EAC4451F165DE900879573 /* N14226.cpp */ = {isa = PBXFileReference; fileEncoding = 4; lastKnownFileType = sourcecode.cpp.cpp; name = N14226.cpp; path = ../N14226.cpp; sourceTree = "<group>"; };
		59EBB0FF1F7FD49000A8C755 /* N2098.cpp */ = {isa = PBXFileReference; fileEncoding = 4; lastKnownFileType = sourcecode.cpp.cpp; path = N2098.cpp; sourceTree = "<group>"; };
		59EBB1011F85F73400A8C755 /* N1874.cpp */ = {isa = PBXFileReference; fileEncoding = 4; lastKnownFileType = sourcecode.cpp.cpp; path = N1874.cpp; sourceTree = "<group>"; };
		59EBB1031F86886400A8C755 /* N4095.cpp */ = {isa = PBXFileReference; fileEncoding = 4; lastKnownFileType = sourcecode.cpp.cpp; path = N4095.cpp; sourceTree = "<group>"; };
/* End PBXFileReference section */

/* Begin PBXFrameworksBuildPhase section */
		59EAC4381F165DC800879573 /* Frameworks */ = {
			isa = PBXFrameworksBuildPhase;
			buildActionMask = 2147483647;
			files = (
			);
			runOnlyForDeploymentPostprocessing = 0;
		};
/* End PBXFrameworksBuildPhase section */

/* Begin PBXGroup section */
		59EAC4321F165DC800879573 = {
			isa = PBXGroup;
			children = (
				59A7C99A1F9B01FE00710597 /* N9084.cpp */,
				59A7C9981F9A64B100710597 /* N1068.cpp */,
				59EBB1031F86886400A8C755 /* N4095.cpp */,
				59EBB1011F85F73400A8C755 /* N1874.cpp */,
				59EBB0FF1F7FD49000A8C755 /* N2098.cpp */,
				596F66421F7F2F76007F8709 /* N9498.cpp */,
				59A7D7531F720B9600EF9CEA /* N11003.cpp */,
				59A7D7511F6FE91F00EF9CEA /* N6549.cpp */,
				59361EA21F6A30290075BFE6 /* N2302.cpp */,
				59C5D9441F6847D200260E2D /* N11066.cpp */,
				5937126B1F679B3B003E3E20 /* N2631.cpp */,
				593712691F66DD1D003E3E20 /* N10164.cpp */,
				59C04DF11F5F084F00BB2346 /* N11051.cpp */,
				590C00FC1F37481200BA0F2C /* N2320.cpp */,
				590C00FA1F372B2400BA0F2C /* N1199.cpp */,
				590C00F81F36EACD00BA0F2C /* N2592.cpp */,
				590C00EA1F35747700BA0F2C /* kakao1.cpp */,
				590C00EB1F35747700BA0F2C /* kakao2.cpp */,
				590C00EC1F35747700BA0F2C /* kakao3.cpp */,
				590C00ED1F35747700BA0F2C /* kakao4.cpp */,
				590C00EE1F35747700BA0F2C /* kakao5.cpp */,
				590C00EF1F35747700BA0F2C /* kakao6.cpp */,
				590C00E81F34C1F600BA0F2C /* N1915.cpp */,
				592892DB1F31A03000F4AC5E /* N1922.cpp */,
				5974E0331F30D53B00D6F6A6 /* N2056.cpp */,
				5974E0311F30418900D6F6A6 /* N1766.cpp */,
				59D6D79E1F2EF827002F1799 /* N2261.cpp */,
				593D939E1F2D6393007E04CD /* N2252.cpp */,
				5988752C1F2C4F3C0095F7D8 /* N11404.cpp */,
				5988752A1F2ADB110095F7D8 /* N4963.cpp */,
				598875281F2860210095F7D8 /* N10942.cpp */,
				598875261F27A4560095F7D8 /* N1890.cpp */,
				598875241F24FE520095F7D8 /* N14500.cpp */,
				5988751D1F2247ED0095F7D8 /* N14501.cpp */,
				598875191F20E3380095F7D8 /* N1520.cpp */,
				5988751A1F20E3380095F7D8 /* N10815.cpp */,
				59EAC43D1F165DC800879573 /* algorithms */,
				59EAC43C1F165DC800879573 /* Products */,
			);
			sourceTree = "<group>";
		};
		59EAC43C1F165DC800879573 /* Products */ = {
			isa = PBXGroup;
			children = (
				59EAC43B1F165DC800879573 /* algorithms */,
			);
			name = Products;
			sourceTree = "<group>";
		};
		59EAC43D1F165DC800879573 /* algorithms */ = {
			isa = PBXGroup;
			children = (
				59EAC4451F165DE900879573 /* N14226.cpp */,
				599E3F6D1F1768F400D513B3 /* N13023.cpp */,
				594B1ED91F1CDC1200468814 /* N1260.cpp */,
				594B1EDB1F1D03D800468814 /* N11724.cpp */,
				59EAC43E1F165DC800879573 /* main.cpp */,
			);
			path = algorithms;
			sourceTree = "<group>";
		};
/* End PBXGroup section */

/* Begin PBXNativeTarget section */
		59EAC43A1F165DC800879573 /* algorithms */ = {
			isa = PBXNativeTarget;
			buildConfigurationList = 59EAC4421F165DC800879573 /* Build configuration list for PBXNativeTarget "algorithms" */;
			buildPhases = (
				59EAC4371F165DC800879573 /* Sources */,
				59EAC4381F165DC800879573 /* Frameworks */,
				59EAC4391F165DC800879573 /* Copy Files */,
			);
			buildRules = (
			);
			dependencies = (
			);
			name = algorithms;
			productName = algorithms;
			productReference = 59EAC43B1F165DC800879573 /* algorithms */;
			productType = "com.apple.product-type.tool";
		};
/* End PBXNativeTarget section */

/* Begin PBXProject section */
		59EAC4331F165DC800879573 /* Project object */ = {
			isa = PBXProject;
			attributes = {
				LastUpgradeCheck = 0920;
				ORGANIZATIONNAME = yunwoo;
				TargetAttributes = {
					59EAC43A1F165DC800879573 = {
						CreatedOnToolsVersion = 8.3.3;
						ProvisioningStyle = Automatic;
					};
				};
			};
			buildConfigurationList = 59EAC4361F165DC800879573 /* Build configuration list for PBXProject "algorithms" */;
			compatibilityVersion = "Xcode 3.2";
			developmentRegion = English;
			hasScannedForEncodings = 0;
			knownRegions = (
				en,
			);
			mainGroup = 59EAC4321F165DC800879573;
			productRefGroup = 59EAC43C1F165DC800879573 /* Products */;
			projectDirPath = "";
			projectRoot = "";
			targets = (
				59EAC43A1F165DC800879573 /* algorithms */,
			);
		};
/* End PBXProject section */

/* Begin PBXSourcesBuildPhase section */
		59EAC4371F165DC800879573 /* Sources */ = {
			isa = PBXSourcesBuildPhase;
			buildActionMask = 2147483647;
			files = (
				59A7C99B1F9B01FE00710597 /* N9084.cpp in Sources */,
			);
			runOnlyForDeploymentPostprocessing = 0;
		};
/* End PBXSourcesBuildPhase section */

/* Begin XCBuildConfiguration section */
		59EAC4401F165DC800879573 /* Debug */ = {
			isa = XCBuildConfiguration;
			buildSettings = {
				ALWAYS_SEARCH_USER_PATHS = NO;
				CLANG_ANALYZER_NONNULL = YES;
				CLANG_ANALYZER_NUMBER_OBJECT_CONVERSION = YES_AGGRESSIVE;
				CLANG_CXX_LANGUAGE_STANDARD = "gnu++0x";
				CLANG_CXX_LIBRARY = "libc++";
				CLANG_ENABLE_MODULES = YES;
				CLANG_ENABLE_OBJC_ARC = YES;
				CLANG_WARN_BLOCK_CAPTURE_AUTORELEASING = YES;
				CLANG_WARN_BOOL_CONVERSION = YES;
				CLANG_WARN_COMMA = YES;
				CLANG_WARN_CONSTANT_CONVERSION = YES;
				CLANG_WARN_DIRECT_OBJC_ISA_USAGE = YES_ERROR;
				CLANG_WARN_DOCUMENTATION_COMMENTS = YES;
				CLANG_WARN_EMPTY_BODY = YES;
				CLANG_WARN_ENUM_CONVERSION = YES;
				CLANG_WARN_INFINITE_RECURSION = YES;
				CLANG_WARN_INT_CONVERSION = YES;
				CLANG_WARN_NON_LITERAL_NULL_CONVERSION = YES;
				CLANG_WARN_OBJC_LITERAL_CONVERSION = YES;
				CLANG_WARN_OBJC_ROOT_CLASS = YES_ERROR;
				CLANG_WARN_RANGE_LOOP_ANALYSIS = YES;
				CLANG_WARN_STRICT_PROTOTYPES = YES;
				CLANG_WARN_SUSPICIOUS_MOVE = YES;
				CLANG_WARN_UNREACHABLE_CODE = YES;
				CLANG_WARN__DUPLICATE_METHOD_MATCH = YES;
				CODE_SIGN_IDENTITY = "-";
				COPY_PHASE_STRIP = NO;
				DEBUG_INFORMATION_FORMAT = dwarf;
				ENABLE_STRICT_OBJC_MSGSEND = YES;
				ENABLE_TESTABILITY = YES;
				GCC_C_LANGUAGE_STANDARD = gnu99;
				GCC_DYNAMIC_NO_PIC = NO;
				GCC_NO_COMMON_BLOCKS = YES;
				GCC_OPTIMIZATION_LEVEL = 0;
				GCC_PREPROCESSOR_DEFINITIONS = (
					"DEBUG=1",
					"$(inherited)",
				);
				GCC_WARN_64_TO_32_BIT_CONVERSION = YES;
				GCC_WARN_ABOUT_RETURN_TYPE = YES_ERROR;
				GCC_WARN_UNDECLARED_SELECTOR = YES;
				GCC_WARN_UNINITIALIZED_AUTOS = YES_AGGRESSIVE;
				GCC_WARN_UNUSED_FUNCTION = YES;
				GCC_WARN_UNUSED_VARIABLE = YES;
				MACOSX_DEPLOYMENT_TARGET = 10.12;
				MTL_ENABLE_DEBUG_INFO = YES;
				ONLY_ACTIVE_ARCH = YES;
				SDKROOT = macosx;
			};
			name = Debug;
		};
		59EAC4411F165DC800879573 /* Release */ = {
			isa = XCBuildConfiguration;
			buildSettings = {
				ALWAYS_SEARCH_USER_PATHS = NO;
				CLANG_ANALYZER_NONNULL = YES;
				CLANG_ANALYZER_NUMBER_OBJECT_CONVERSION = YES_AGGRESSIVE;
				CLANG_CXX_LANGUAGE_STANDARD = "gnu++0x";
				CLANG_CXX_LIBRARY = "libc++";
				CLANG_ENABLE_MODULES = YES;
				CLANG_ENABLE_OBJC_ARC = YES;
				CLANG_WARN_BLOCK_CAPTURE_AUTORELEASING = YES;
				CLANG_WARN_BOOL_CONVERSION = YES;
				CLANG_WARN_COMMA = YES;
				CLANG_WARN_CONSTANT_CONVERSION = YES;
				CLANG_WARN_DIRECT_OBJC_ISA_USAGE = YES_ERROR;
				CLANG_WARN_DOCUMENTATION_COMMENTS = YES;
				CLANG_WARN_EMPTY_BODY = YES;
				CLANG_WARN_ENUM_CONVERSION = YES;
				CLANG_WARN_INFINITE_RECURSION = YES;
				CLANG_WARN_INT_CONVERSION = YES;
				CLANG_WARN_NON_LITERAL_NULL_CONVERSION = YES;
				CLANG_WARN_OBJC_LITERAL_CONVERSION = YES;
				CLANG_WARN_OBJC_ROOT_CLASS = YES_ERROR;
				CLANG_WARN_RANGE_LOOP_ANALYSIS = YES;
				CLANG_WARN_STRICT_PROTOTYPES = YES;
				CLANG_WARN_SUSPICIOUS_MOVE = YES;
				CLANG_WARN_UNREACHABLE_CODE = YES;
				CLANG_WARN__DUPLICATE_METHOD_MATCH = YES;
				CODE_SIGN_IDENTITY = "-";
				COPY_PHASE_STRIP = NO;
				DEBUG_INFORMATION_FORMAT = "dwarf-with-dsym";
				ENABLE_NS_ASSERTIONS = NO;
				ENABLE_STRICT_OBJC_MSGSEND = YES;
				GCC_C_LANGUAGE_STANDARD = gnu99;
				GCC_NO_COMMON_BLOCKS = YES;
				GCC_WARN_64_TO_32_BIT_CONVERSION = YES;
				GCC_WARN_ABOUT_RETURN_TYPE = YES_ERROR;
				GCC_WARN_UNDECLARED_SELECTOR = YES;
				GCC_WARN_UNINITIALIZED_AUTOS = YES_AGGRESSIVE;
				GCC_WARN_UNUSED_FUNCTION = YES;
				GCC_WARN_UNUSED_VARIABLE = YES;
				MACOSX_DEPLOYMENT_TARGET = 10.12;
				MTL_ENABLE_DEBUG_INFO = NO;
				SDKROOT = macosx;
			};
			name = Release;
		};
		59EAC4431F165DC800879573 /* Debug */ = {
			isa = XCBuildConfiguration;
			buildSettings = {
				PRODUCT_NAME = "$(TARGET_NAME)";
			};
			name = Debug;
		};
		59EAC4441F165DC800879573 /* Release */ = {
			isa = XCBuildConfiguration;
			buildSettings = {
				PRODUCT_NAME = "$(TARGET_NAME)";
			};
			name = Release;
		};
/* End XCBuildConfiguration section */

/* Begin XCConfigurationList section */
		59EAC4361F165DC800879573 /* Build configuration list for PBXProject "algorithms" */ = {
			isa = XCConfigurationList;
			buildConfigurations = (
				59EAC4401F165DC800879573 /* Debug */,
				59EAC4411F165DC800879573 /* Release */,
			);
			defaultConfigurationIsVisible = 0;
			defaultConfigurationName = Release;
		};
		59EAC4421F165DC800879573 /* Build configuration list for PBXNativeTarget "algorithms" */ = {
			isa = XCConfigurationList;
			buildConfigurations = (
				59EAC4431F165DC800879573 /* Debug */,
				59EAC4441F165DC800879573 /* Release */,
			);
			defaultConfigurationIsVisible = 0;
			defaultConfigurationName = Release;
		};
/* End XCConfigurationList section */
	};
	rootObject = 59EAC4331F165DC800879573 /* Project object */;
}
